
Microsoft Visual Studio Solution File, Format Version 12.00
# Visual Studio 15
VisualStudioVersion = 15.0.28307.106
MinimumVisualStudioVersion = 10.0.40219.1
Project("{888888A0-9F3D-457C-B088-3A5042F75D52}") = "Medical Simulation", "Medical Simulation\Medical Simulation.pyproj", "{43F5F4C2-28C1-466B-9959-F9CF82391D90}"
EndProject
Global
	GlobalSection(SolutionConfigurationPlatforms) = preSolution
		Debug|Any CPU = Debug|Any CPU
		Release|Any CPU = Release|Any CPU
	EndGlobalSection
	GlobalSection(ProjectConfigurationPlatforms) = postSolution
		{43F5F4C2-28C1-466B-9959-F9CF82391D90}.Debug|Any CPU.ActiveCfg = Debug|Any CPU
		{43F5F4C2-28C1-466B-9959-F9CF82391D90}.Release|Any CPU.ActiveCfg = Release|Any CPU
	EndGlobalSection
	GlobalSection(SolutionProperties) = preSolution
		HideSolutionNode = FALSE
	EndGlobalSection
	GlobalSection(ExtensibilityGlobals) = postSolution
		SolutionGuid = {BBBD19ED-022C-4A2F-BDE9-DA04F6D5B472}
	EndGlobalSection
EndGlobal
